
Microsoft Visual Studio Solution File, Format Version 12.00
# Visual Studio 15
VisualStudioVersion = 15.0.28307.572
MinimumVisualStudioVersion = 10.0.40219.1
Project("{F184B08F-C81C-45F6-A57F-5ABD9991F28F}") = "Web Service Server", "Web Service Server\Web Service Server.vbproj", "{E7CAA018-4265-4120-8B02-5347B19A1B94}"
EndProject
Global
	GlobalSection(SolutionConfigurationPlatforms) = preSolution
		Debug|Any CPU = Debug|Any CPU
		Release|Any CPU = Release|Any CPU
	EndGlobalSection
	GlobalSection(ProjectConfigurationPlatforms) = postSolution
		{E7CAA018-4265-4120-8B02-5347B19A1B94}.Debug|Any CPU.ActiveCfg = Debug|Any CPU
		{E7CAA018-4265-4120-8B02-5347B19A1B94}.Debug|Any CPU.Build.0 = Debug|Any CPU
		{E7CAA018-4265-4120-8B02-5347B19A1B94}.Release|Any CPU.ActiveCfg = Release|Any CPU
		{E7CAA018-4265-4120-8B02-5347B19A1B94}.Release|Any CPU.Build.0 = Release|Any CPU
	EndGlobalSection
	GlobalSection(SolutionProperties) = preSolution
		HideSolutionNode = FALSE
	EndGlobalSection
	GlobalSection(ExtensibilityGlobals) = postSolution
		SolutionGuid = {2D719874-76A1-4923-B543-E9AA4F5B481B}
	EndGlobalSection
EndGlobal
